
Microsoft Visual Studio Solution File, Format Version 12.00
# Visual Studio 15
VisualStudioVersion = 15.0.28307.106
MinimumVisualStudioVersion = 10.0.40219.1
Project("{9A19103F-16F7-4668-BE54-9A1E7A4F7556}") = "ShopTemplate.Web", "ShopTemplate\ShopTemplate.Web.csproj", "{87372B37-0687-4BBB-BF57-1347E360C50F}"
EndProject
Project("{9A19103F-16F7-4668-BE54-9A1E7A4F7556}") = "ShopTemplate.Domain", "ShopTemplate.Domain\ShopTemplate.Domain.csproj", "{CE5F633C-EEA0-484B-A874-2D365D792D59}"
EndProject
Project("{FAE04EC0-301F-11D3-BF4B-00C04F79EFBC}") = "ShopTemplate.UnitTests", "ShopTemplate.UnitTests\ShopTemplate.UnitTests.csproj", "{E701EFE3-A3AE-42E8-9BD5-9D75A8589C1E}"
EndProject
Global
	GlobalSection(SolutionConfigurationPlatforms) = preSolution
		Debug|Any CPU = Debug|Any CPU
		Release|Any CPU = Release|Any CPU
	EndGlobalSection
	GlobalSection(ProjectConfigurationPlatforms) = postSolution
		{87372B37-0687-4BBB-BF57-1347E360C50F}.Debug|Any CPU.ActiveCfg = Debug|Any CPU
		{87372B37-0687-4BBB-BF57-1347E360C50F}.Debug|Any CPU.Build.0 = Debug|Any CPU
		{87372B37-0687-4BBB-BF57-1347E360C50F}.Release|Any CPU.ActiveCfg = Release|Any CPU
		{87372B37-0687-4BBB-BF57-1347E360C50F}.Release|Any CPU.Build.0 = Release|Any CPU
		{CE5F633C-EEA0-484B-A874-2D365D792D59}.Debug|Any CPU.ActiveCfg = Debug|Any CPU
		{CE5F633C-EEA0-484B-A874-2D365D792D59}.Debug|Any CPU.Build.0 = Debug|Any CPU
		{CE5F633C-EEA0-484B-A874-2D365D792D59}.Release|Any CPU.ActiveCfg = Release|Any CPU
		{CE5F633C-EEA0-484B-A874-2D365D792D59}.Release|Any CPU.Build.0 = Release|Any CPU
		{E701EFE3-A3AE-42E8-9BD5-9D75A8589C1E}.Debug|Any CPU.ActiveCfg = Debug|Any CPU
		{E701EFE3-A3AE-42E8-9BD5-9D75A8589C1E}.Debug|Any CPU.Build.0 = Debug|Any CPU
		{E701EFE3-A3AE-42E8-9BD5-9D75A8589C1E}.Release|Any CPU.ActiveCfg = Release|Any CPU
		{E701EFE3-A3AE-42E8-9BD5-9D75A8589C1E}.Release|Any CPU.Build.0 = Release|Any CPU
	EndGlobalSection
	GlobalSection(SolutionProperties) = preSolution
		HideSolutionNode = FALSE
	EndGlobalSection
	GlobalSection(ExtensibilityGlobals) = postSolution
		SolutionGuid = {3597D0DA-9307-4CBB-B834-21E39D52C58E}
	EndGlobalSection
EndGlobal
